
Microsoft Visual Studio Solution File, Format Version 12.00
# Visual Studio Version 17
VisualStudioVersion = 17.1.32328.378
MinimumVisualStudioVersion = 10.0.40219.1
Project("{9A19103F-16F7-4668-BE54-9A1E7A4F7556}") = "MyApp", "MyApp\MyApp.csproj", "{023FF217-1115-4024-B992-C3D2E3D001ED}"
EndProject
Project("{C7167F0D-BC9F-4E6E-AFE1-012C56B48DB5}") = "MyAppPackaged", "MyAppPackaged\MyAppPackaged.wapproj", "{0279947E-FC4A-4E0C-A66F-7A89473DA805}"
EndProject
Global
	GlobalSection(SolutionConfigurationPlatforms) = preSolution
		Debug|Any CPU = Debug|Any CPU
		Debug|ARM = Debug|ARM
		Debug|arm64 = Debug|arm64
		Debug|x64 = Debug|x64
		Debug|x86 = Debug|x86
		Release|Any CPU = Release|Any CPU
		Release|ARM = Release|ARM
		Release|arm64 = Release|arm64
		Release|x64 = Release|x64
		Release|x86 = Release|x86
	EndGlobalSection
	GlobalSection(ProjectConfigurationPlatforms) = postSolution
		{023FF217-1115-4024-B992-C3D2E3D001ED}.Debug|Any CPU.ActiveCfg = Debug|x64
		{023FF217-1115-4024-B992-C3D2E3D001ED}.Debug|Any CPU.Build.0 = Debug|x64
		{023FF217-1115-4024-B992-C3D2E3D001ED}.Debug|Any CPU.Deploy.0 = Debug|x64
		{023FF217-1115-4024-B992-C3D2E3D001ED}.Debug|ARM.ActiveCfg = Debug|x64
		{023FF217-1115-4024-B992-C3D2E3D001ED}.Debug|ARM.Build.0 = Debug|x64
		{023FF217-1115-4024-B992-C3D2E3D001ED}.Debug|ARM.Deploy.0 = Debug|x64
		{023FF217-1115-4024-B992-C3D2E3D001ED}.Debug|arm64.ActiveCfg = Debug|arm64
		{023FF217-1115-4024-B992-C3D2E3D001ED}.Debug|arm64.Build.0 = Debug|arm64
		{023FF217-1115-4024-B992-C3D2E3D001ED}.Debug|arm64.Deploy.0 = Debug|arm64
		{023FF217-1115-4024-B992-C3D2E3D001ED}.Debug|x64.ActiveCfg = Debug|x64
		{023FF217-1115-4024-B992-C3D2E3D001ED}.Debug|x64.Build.0 = Debug|x64
		{023FF217-1115-4024-B992-C3D2E3D001ED}.Debug|x64.Deploy.0 = Debug|x64
		{023FF217-1115-4024-B992-C3D2E3D001ED}.Debug|x86.ActiveCfg = Debug|x86
		{023FF217-1115-4024-B992-C3D2E3D001ED}.Debug|x86.Build.0 = Debug|x86
		{023FF217-1115-4024-B992-C3D2E3D001ED}.Debug|x86.Deploy.0 = Debug|x86
		{023FF217-1115-4024-B992-C3D2E3D001ED}.Release|Any CPU.ActiveCfg = Release|x64
		{023FF217-1115-4024-B992-C3D2E3D001ED}.Release|Any CPU.Build.0 = Release|x64
		{023FF217-1115-4024-B992-C3D2E3D001ED}.Release|Any CPU.Deploy.0 = Release|x64
		{023FF217-1115-4024-B992-C3D2E3D001ED}.Release|ARM.ActiveCfg = Release|x64
		{023FF217-1115-4024-B992-C3D2E3D001ED}.Release|ARM.Build.0 = Release|x64
		{023FF217-1115-4024-B992-C3D2E3D001ED}.Release|ARM.Deploy.0 = Release|x64
		{023FF217-1115-4024-B992-C3D2E3D001ED}.Release|arm64.ActiveCfg = Release|arm64
		{023FF217-1115-4024-B992-C3D2E3D001ED}.Release|arm64.Build.0 = Release|arm64
		{023FF217-1115-4024-B992-C3D2E3D001ED}.Release|arm64.Deploy.0 = Release|arm64
		{023FF217-1115-4024-B992-C3D2E3D001ED}.Release|x64.ActiveCfg = Release|x64
		{023FF217-1115-4024-B992-C3D2E3D001ED}.Release|x64.Build.0 = Release|x64
		{023FF217-1115-4024-B992-C3D2E3D001ED}.Release|x64.Deploy.0 = Release|x64
		{023FF217-1115-4024-B992-C3D2E3D001ED}.Release|x86.ActiveCfg = Release|x86
		{023FF217-1115-4024-B992-C3D2E3D001ED}.Release|x86.Build.0 = Release|x86
		{023FF217-1115-4024-B992-C3D2E3D001ED}.Release|x86.Deploy.0 = Release|x86
		{0279947E-FC4A-4E0C-A66F-7A89473DA805}.Debug|Any CPU.ActiveCfg = Debug|Any CPU
		{0279947E-FC4A-4E0C-A66F-7A89473DA805}.Debug|Any CPU.Build.0 = Debug|Any CPU
		{0279947E-FC4A-4E0C-A66F-7A89473DA805}.Debug|Any CPU.Deploy.0 = Debug|Any CPU
		{0279947E-FC4A-4E0C-A66F-7A89473DA805}.Debug|ARM.ActiveCfg = Debug|ARM
		{0279947E-FC4A-4E0C-A66F-7A89473DA805}.Debug|ARM.Build.0 = Debug|ARM
		{0279947E-FC4A-4E0C-A66F-7A89473DA805}.Debug|ARM.Deploy.0 = Debug|ARM
		{0279947E-FC4A-4E0C-A66F-7A89473DA805}.Debug|arm64.ActiveCfg = Debug|ARM64
		{0279947E-FC4A-4E0C-A66F-7A89473DA805}.Debug|arm64.Build.0 = Debug|ARM64
		{0279947E-FC4A-4E0C-A66F-7A89473DA805}.Debug|arm64.Deploy.0 = Debug|ARM64
		{0279947E-FC4A-4E0C-A66F-7A89473DA805}.Debug|x64.ActiveCfg = Debug|x64
		{0279947E-FC4A-4E0C-A66F-7A89473DA805}.Debug|x64.Build.0 = Debug|x64
		{0279947E-FC4A-4E0C-A66F-7A89473DA805}.Debug|x64.Deploy.0 = Debug|x64
		{0279947E-FC4A-4E0C-A66F-7A89473DA805}.Debug|x86.ActiveCfg = Debug|x86
		{0279947E-FC4A-4E0C-A66F-7A89473DA805}.Debug|x86.Build.0 = Debug|x86
		{0279947E-FC4A-4E0C-A66F-7A89473DA805}.Debug|x86.Deploy.0 = Debug|x86
		{0279947E-FC4A-4E0C-A66F-7A89473DA805}.Release|Any CPU.ActiveCfg = Release|Any CPU
		{0279947E-FC4A-4E0C-A66F-7A89473DA805}.Release|Any CPU.Build.0 = Release|Any CPU
		{0279947E-FC4A-4E0C-A66F-7A89473DA805}.Release|Any CPU.Deploy.0 = Release|Any CPU
		{0279947E-FC4A-4E0C-A66F-7A89473DA805}.Release|ARM.ActiveCfg = Release|ARM
		{0279947E-FC4A-4E0C-A66F-7A89473DA805}.Release|ARM.Build.0 = Release|ARM
		{0279947E-FC4A-4E0C-A66F-7A89473DA805}.Release|ARM.Deploy.0 = Release|ARM
		{0279947E-FC4A-4E0C-A66F-7A89473DA805}.Release|arm64.ActiveCfg = Release|ARM64
		{0279947E-FC4A-4E0C-A66F-7A89473DA805}.Release|arm64.Build.0 = Release|ARM64
		{0279947E-FC4A-4E0C-A66F-7A89473DA805}.Release|arm64.Deploy.0 = Release|ARM64
		{0279947E-FC4A-4E0C-A66F-7A89473DA805}.Release|x64.ActiveCfg = Release|x64
		{0279947E-FC4A-4E0C-A66F-7A89473DA805}.Release|x64.Build.0 = Release|x64
		{0279947E-FC4A-4E0C-A66F-7A89473DA805}.Release|x64.Deploy.0 = Release|x64
		{0279947E-FC4A-4E0C-A66F-7A89473DA805}.Release|x86.ActiveCfg = Release|x86
		{0279947E-FC4A-4E0C-A66F-7A89473DA805}.Release|x86.Build.0 = Release|x86
		{0279947E-FC4A-4E0C-A66F-7A89473DA805}.Release|x86.Deploy.0 = Release|x86
	EndGlobalSection
	GlobalSection(SolutionProperties) = preSolution
		HideSolutionNode = FALSE
	EndGlobalSection
	GlobalSection(ExtensibilityGlobals) = postSolution
		SolutionGuid = {AA294DE1-CA55-4BC6-AC20-020E640CE9A6}
	EndGlobalSection
EndGlobal
